// !$*UTF8*$!
{
	archiveVersion = 1;
	classes = {
	};
	objectVersion = 50;
	objects = {

/* Begin PBXBuildFile section */
		3F5F0224226924FA0020396A /* AppDelegate.swift in Sources */ = {isa = PBXBuildFile; fileRef = 3F5F0223226924FA0020396A /* AppDelegate.swift */; };
		3F5F0226226924FA0020396A /* art.scnassets in Resources */ = {isa = PBXBuildFile; fileRef = 3F5F0225226924FA0020396A /* art.scnassets */; };
		3F5F0228226924FA0020396A /* ViewController.swift in Sources */ = {isa = PBXBuildFile; fileRef = 3F5F0227226924FA0020396A /* ViewController.swift */; };
		3F5F022B226924FA0020396A /* Main.storyboard in Resources */ = {isa = PBXBuildFile; fileRef = 3F5F0229226924FA0020396A /* Main.storyboard */; };
		3F5F022D226924FB0020396A /* Assets.xcassets in Resources */ = {isa = PBXBuildFile; fileRef = 3F5F022C226924FB0020396A /* Assets.xcassets */; };
		3F5F0230226924FB0020396A /* LaunchScreen.storyboard in Resources */ = {isa = PBXBuildFile; fileRef = 3F5F022E226924FB0020396A /* LaunchScreen.storyboard */; };
		3F5F023B226924FB0020396A /* Kniskern_FinalProjUITests.swift in Sources */ = {isa = PBXBuildFile; fileRef = 3F5F023A226924FB0020396A /* Kniskern_FinalProjUITests.swift */; };
/* End PBXBuildFile section */

/* Begin PBXContainerItemProxy section */
		3F5F0237226924FB0020396A /* PBXContainerItemProxy */ = {
			isa = PBXContainerItemProxy;
			containerPortal = 3F5F0218226924FA0020396A /* Project object */;
			proxyType = 1;
			remoteGlobalIDString = 3F5F021F226924FA0020396A;
			remoteInfo = Kniskern_FinalProj;
		};
/* End PBXContainerItemProxy section */

/* Begin PBXFileReference section */
		3F5F0220226924FA0020396A /* Kniskern_FinalProj.app */ = {isa = PBXFileReference; explicitFileType = wrapper.application; includeInIndex = 0; path = Kniskern_FinalProj.app; sourceTree = BUILT_PRODUCTS_DIR; };
		3F5F0223226924FA0020396A /* AppDelegate.swift */ = {isa = PBXFileReference; lastKnownFileType = sourcecode.swift; path = AppDelegate.swift; sourceTree = "<group>"; };
		3F5F0225226924FA0020396A /* art.scnassets */ = {isa = PBXFileReference; lastKnownFileType = wrapper.scnassets; path = art.scnassets; sourceTree = "<group>"; };
		3F5F0227226924FA0020396A /* ViewController.swift */ = {isa = PBXFileReference; lastKnownFileType = sourcecode.swift; path = ViewController.swift; sourceTree = "<group>"; };
		3F5F022A226924FA0020396A /* Base */ = {isa = PBXFileReference; lastKnownFileType = file.storyboard; name = Base; path = Base.lproj/Main.storyboard; sourceTree = "<group>"; };
		3F5F022C226924FB0020396A /* Assets.xcassets */ = {isa = PBXFileReference; lastKnownFileType = folder.assetcatalog; path = Assets.xcassets; sourceTree = "<group>"; };
		3F5F022F226924FB0020396A /* Base */ = {isa = PBXFileReference; lastKnownFileType = file.storyboard; name = Base; path = Base.lproj/LaunchScreen.storyboard; sourceTree = "<group>"; };
		3F5F0231226924FB0020396A /* Info.plist */ = {isa = PBXFileReference; lastKnownFileType = text.plist.xml; path = Info.plist; sourceTree = "<group>"; };
		3F5F0236226924FB0020396A /* Kniskern_FinalProjUITests.xctest */ = {isa = PBXFileReference; explicitFileType = wrapper.cfbundle; includeInIndex = 0; path = Kniskern_FinalProjUITests.xctest; sourceTree = BUILT_PRODUCTS_DIR; };
		3F5F023A226924FB0020396A /* Kniskern_FinalProjUITests.swift */ = {isa = PBXFileReference; lastKnownFileType = sourcecode.swift; path = Kniskern_FinalProjUITests.swift; sourceTree = "<group>"; };
		3F5F023C226924FB0020396A /* Info.plist */ = {isa = PBXFileReference; lastKnownFileType = text.plist.xml; path = Info.plist; sourceTree = "<group>"; };
/* End PBXFileReference section */

/* Begin PBXFrameworksBuildPhase section */
		3F5F021D226924FA0020396A /* Frameworks */ = {
			isa = PBXFrameworksBuildPhase;
			buildActionMask = 2147483647;
			files = (
			);
			runOnlyForDeploymentPostprocessing = 0;
		};
		3F5F0233226924FB0020396A /* Frameworks */ = {
			isa = PBXFrameworksBuildPhase;
			buildActionMask = 2147483647;
			files = (
			);
			runOnlyForDeploymentPostprocessing = 0;
		};
/* End PBXFrameworksBuildPhase section */

/* Begin PBXGroup section */
		3F5F0217226924FA0020396A = {
			isa = PBXGroup;
			children = (
				3F5F0222226924FA0020396A /* Kniskern_FinalProj */,
				3F5F0239226924FB0020396A /* Kniskern_FinalProjUITests */,
				3F5F0221226924FA0020396A /* Products */,
			);
			sourceTree = "<group>";
		};
		3F5F0221226924FA0020396A /* Products */ = {
			isa = PBXGroup;
			children = (
				3F5F0220226924FA0020396A /* Kniskern_FinalProj.app */,
				3F5F0236226924FB0020396A /* Kniskern_FinalProjUITests.xctest */,
			);
			name = Products;
			sourceTree = "<group>";
		};
		3F5F0222226924FA0020396A /* Kniskern_FinalProj */ = {
			isa = PBXGroup;
			children = (
				3F5F02472269262B0020396A /* VC */,
				3F5F0246226926210020396A /* Model */,
				3F5F02452269261B0020396A /* Data */,
				3F5F0223226924FA0020396A /* AppDelegate.swift */,
				3F5F0225226924FA0020396A /* art.scnassets */,
				3F5F0229226924FA0020396A /* Main.storyboard */,
				3F5F022C226924FB0020396A /* Assets.xcassets */,
				3F5F022E226924FB0020396A /* LaunchScreen.storyboard */,
				3F5F0231226924FB0020396A /* Info.plist */,
			);
			path = Kniskern_FinalProj;
			sourceTree = "<group>";
		};
		3F5F0239226924FB0020396A /* Kniskern_FinalProjUITests */ = {
			isa = PBXGroup;
			children = (
				3F5F023A226924FB0020396A /* Kniskern_FinalProjUITests.swift */,
				3F5F023C226924FB0020396A /* Info.plist */,
			);
			path = Kniskern_FinalProjUITests;
			sourceTree = "<group>";
		};
		3F5F02452269261B0020396A /* Data */ = {
			isa = PBXGroup;
			children = (
			);
			path = Data;
			sourceTree = "<group>";
		};
		3F5F0246226926210020396A /* Model */ = {
			isa = PBXGroup;
			children = (
			);
			path = Model;
			sourceTree = "<group>";
		};
		3F5F02472269262B0020396A /* VC */ = {
			isa = PBXGroup;
			children = (
				3F5F0227226924FA0020396A /* ViewController.swift */,
			);
			path = VC;
			sourceTree = "<group>";
		};
/* End PBXGroup section */

/* Begin PBXNativeTarget section */
		3F5F021F226924FA0020396A /* Kniskern_FinalProj */ = {
			isa = PBXNativeTarget;
			buildConfigurationList = 3F5F023F226924FB0020396A /* Build configuration list for PBXNativeTarget "Kniskern_FinalProj" */;
			buildPhases = (
				3F5F021C226924FA0020396A /* Sources */,
				3F5F021D226924FA0020396A /* Frameworks */,
				3F5F021E226924FA0020396A /* Resources */,
			);
			buildRules = (
			);
			dependencies = (
			);
			name = Kniskern_FinalProj;
			productName = Kniskern_FinalProj;
			productReference = 3F5F0220226924FA0020396A /* Kniskern_FinalProj.app */;
			productType = "com.apple.product-type.application";
		};
		3F5F0235226924FB0020396A /* Kniskern_FinalProjUITests */ = {
			isa = PBXNativeTarget;
			buildConfigurationList = 3F5F0242226924FB0020396A /* Build configuration list for PBXNativeTarget "Kniskern_FinalProjUITests" */;
			buildPhases = (
				3F5F0232226924FB0020396A /* Sources */,
				3F5F0233226924FB0020396A /* Frameworks */,
				3F5F0234226924FB0020396A /* Resources */,
			);
			buildRules = (
			);
			dependencies = (
				3F5F0238226924FB0020396A /* PBXTargetDependency */,
			);
			name = Kniskern_FinalProjUITests;
			productName = Kniskern_FinalProjUITests;
			productReference = 3F5F0236226924FB0020396A /* Kniskern_FinalProjUITests.xctest */;
			productType = "com.apple.product-type.bundle.ui-testing";
		};
/* End PBXNativeTarget section */

/* Begin PBXProject section */
		3F5F0218226924FA0020396A /* Project object */ = {
			isa = PBXProject;
			attributes = {
				LastSwiftUpdateCheck = 1010;
				LastUpgradeCheck = 1010;
				ORGANIZATIONNAME = Student;
				TargetAttributes = {
					3F5F021F226924FA0020396A = {
						CreatedOnToolsVersion = 10.1;
					};
					3F5F0235226924FB0020396A = {
						CreatedOnToolsVersion = 10.1;
						TestTargetID = 3F5F021F226924FA0020396A;
					};
				};
			};
			buildConfigurationList = 3F5F021B226924FA0020396A /* Build configuration list for PBXProject "Kniskern_FinalProj" */;
			compatibilityVersion = "Xcode 9.3";
			developmentRegion = en;
			hasScannedForEncodings = 0;
			knownRegions = (
				en,
				Base,
			);
			mainGroup = 3F5F0217226924FA0020396A;
			productRefGroup = 3F5F0221226924FA0020396A /* Products */;
			projectDirPath = "";
			projectRoot = "";
			targets = (
				3F5F021F226924FA0020396A /* Kniskern_FinalProj */,
				3F5F0235226924FB0020396A /* Kniskern_FinalProjUITests */,
			);
		};
/* End PBXProject section */

/* Begin PBXResourcesBuildPhase section */
		3F5F021E226924FA0020396A /* Resources */ = {
			isa = PBXResourcesBuildPhase;
			buildActionMask = 2147483647;
			files = (
				3F5F0226226924FA0020396A /* art.scnassets in Resources */,
				3F5F0230226924FB0020396A /* LaunchScreen.storyboard in Resources */,
				3F5F022D226924FB0020396A /* Assets.xcassets in Resources */,
				3F5F022B226924FA0020396A /* Main.storyboard in Resources */,
			);
			runOnlyForDeploymentPostprocessing = 0;
		};
		3F5F0234226924FB0020396A /* Resources */ = {
			isa = PBXResourcesBuildPhase;
			buildActionMask = 2147483647;
			files = (
			);
			runOnlyForDeploymentPostprocessing = 0;
		};
/* End PBXResourcesBuildPhase section */

/* Begin PBXSourcesBuildPhase section */
		3F5F021C226924FA0020396A /* Sources */ = {
			isa = PBXSourcesBuildPhase;
			buildActionMask = 2147483647;
			files = (
				3F5F0228226924FA0020396A /* ViewController.swift in Sources */,
				3F5F0224226924FA0020396A /* AppDelegate.swift in Sources */,
			);
			runOnlyForDeploymentPostprocessing = 0;
		};
		3F5F0232226924FB0020396A /* Sources */ = {
			isa = PBXSourcesBuildPhase;
			buildActionMask = 2147483647;
			files = (
				3F5F023B226924FB0020396A /* Kniskern_FinalProjUITests.swift in Sources */,
			);
			runOnlyForDeploymentPostprocessing = 0;
		};
/* End PBXSourcesBuildPhase section */

/* Begin PBXTargetDependency section */
		3F5F0238226924FB0020396A /* PBXTargetDependency */ = {
			isa = PBXTargetDependency;
			target = 3F5F021F226924FA0020396A /* Kniskern_FinalProj */;
			targetProxy = 3F5F0237226924FB0020396A /* PBXContainerItemProxy */;
		};
/* End PBXTargetDependency section */

/* Begin PBXVariantGroup section */
		3F5F0229226924FA0020396A /* Main.storyboard */ = {
			isa = PBXVariantGroup;
			children = (
				3F5F022A226924FA0020396A /* Base */,
			);
			name = Main.storyboard;
			sourceTree = "<group>";
		};
		3F5F022E226924FB0020396A /* LaunchScreen.storyboard */ = {
			isa = PBXVariantGroup;
			children = (
				3F5F022F226924FB0020396A /* Base */,
			);
			name = LaunchScreen.storyboard;
			sourceTree = "<group>";
		};
/* End PBXVariantGroup section */

/* Begin XCBuildConfiguration section */
		3F5F023D226924FB0020396A /* Debug */ = {
			isa = XCBuildConfiguration;
			buildSettings = {
				ALWAYS_SEARCH_USER_PATHS = NO;
				CLANG_ANALYZER_NONNULL = YES;
				CLANG_ANALYZER_NUMBER_OBJECT_CONVERSION = YES_AGGRESSIVE;
				CLANG_CXX_LANGUAGE_STANDARD = "gnu++14";
				CLANG_CXX_LIBRARY = "libc++";
				CLANG_ENABLE_MODULES = YES;
				CLANG_ENABLE_OBJC_ARC = YES;
				CLANG_ENABLE_OBJC_WEAK = YES;
				CLANG_WARN_BLOCK_CAPTURE_AUTORELEASING = YES;
				CLANG_WARN_BOOL_CONVERSION = YES;
				CLANG_WARN_COMMA = YES;
				CLANG_WARN_CONSTANT_CONVERSION = YES;
				CLANG_WARN_DEPRECATED_OBJC_IMPLEMENTATIONS = YES;
				CLANG_WARN_DIRECT_OBJC_ISA_USAGE = YES_ERROR;
				CLANG_WARN_DOCUMENTATION_COMMENTS = YES;
				CLANG_WARN_EMPTY_BODY = YES;
				CLANG_WARN_ENUM_CONVERSION = YES;
				CLANG_WARN_INFINITE_RECURSION = YES;
				CLANG_WARN_INT_CONVERSION = YES;
				CLANG_WARN_NON_LITERAL_NULL_CONVERSION = YES;
				CLANG_WARN_OBJC_IMPLICIT_RETAIN_SELF = YES;
				CLANG_WARN_OBJC_LITERAL_CONVERSION = YES;
				CLANG_WARN_OBJC_ROOT_CLASS = YES_ERROR;
				CLANG_WARN_RANGE_LOOP_ANALYSIS = YES;
				CLANG_WARN_STRICT_PROTOTYPES = YES;
				CLANG_WARN_SUSPICIOUS_MOVE = YES;
				CLANG_WARN_UNGUARDED_AVAILABILITY = YES_AGGRESSIVE;
				CLANG_WARN_UNREACHABLE_CODE = YES;
				CLANG_WARN__DUPLICATE_METHOD_MATCH = YES;
				CODE_SIGN_IDENTITY = "iPhone Developer";
				COPY_PHASE_STRIP = NO;
				DEBUG_INFORMATION_FORMAT = dwarf;
				ENABLE_STRICT_OBJC_MSGSEND = YES;
				ENABLE_TESTABILITY = YES;
				GCC_C_LANGUAGE_STANDARD = gnu11;
				GCC_DYNAMIC_NO_PIC = NO;
				GCC_NO_COMMON_BLOCKS = YES;
				GCC_OPTIMIZATION_LEVEL = 0;
				GCC_PREPROCESSOR_DEFINITIONS = (
					"DEBUG=1",
					"$(inherited)",
				);
				GCC_WARN_64_TO_32_BIT_CONVERSION = YES;
				GCC_WARN_ABOUT_RETURN_TYPE = YES_ERROR;
				GCC_WARN_UNDECLARED_SELECTOR = YES;
				GCC_WARN_UNINITIALIZED_AUTOS = YES_AGGRESSIVE;
				GCC_WARN_UNUSED_FUNCTION = YES;
				GCC_WARN_UNUSED_VARIABLE = YES;
				IPHONEOS_DEPLOYMENT_TARGET = 12.1;
				MTL_ENABLE_DEBUG_INFO = INCLUDE_SOURCE;
				MTL_FAST_MATH = YES;
				ONLY_ACTIVE_ARCH = YES;
				SDKROOT = iphoneos;
				SWIFT_ACTIVE_COMPILATION_CONDITIONS = DEBUG;
				SWIFT_OPTIMIZATION_LEVEL = "-Onone";
			};
			name = Debug;
		};
		3F5F023E226924FB0020396A /* Release */ = {
			isa = XCBuildConfiguration;
			buildSettings = {
				ALWAYS_SEARCH_USER_PATHS = NO;
				CLANG_ANALYZER_NONNULL = YES;
				CLANG_ANALYZER_NUMBER_OBJECT_CONVERSION = YES_AGGRESSIVE;
				CLANG_CXX_LANGUAGE_STANDARD = "gnu++14";
				CLANG_CXX_LIBRARY = "libc++";
				CLANG_ENABLE_MODULES = YES;
				CLANG_ENABLE_OBJC_ARC = YES;
				CLANG_ENABLE_OBJC_WEAK = YES;
				CLANG_WARN_BLOCK_CAPTURE_AUTORELEASING = YES;
				CLANG_WARN_BOOL_CONVERSION = YES;
				CLANG_WARN_COMMA = YES;
				CLANG_WARN_CONSTANT_CONVERSION = YES;
				CLANG_WARN_DEPRECATED_OBJC_IMPLEMENTATIONS = YES;
				CLANG_WARN_DIRECT_OBJC_ISA_USAGE = YES_ERROR;
				CLANG_WARN_DOCUMENTATION_COMMENTS = YES;
				CLANG_WARN_EMPTY_BODY = YES;
				CLANG_WARN_ENUM_CONVERSION = YES;
				CLANG_WARN_INFINITE_RECURSION = YES;
				CLANG_WARN_INT_CONVERSION = YES;
				CLANG_WARN_NON_LITERAL_NULL_CONVERSION = YES;
				CLANG_WARN_OBJC_IMPLICIT_RETAIN_SELF = YES;
				CLANG_WARN_OBJC_LITERAL_CONVERSION = YES;
				CLANG_WARN_OBJC_ROOT_CLASS = YES_ERROR;
				CLANG_WARN_RANGE_LOOP_ANALYSIS = YES;
				CLANG_WARN_STRICT_PROTOTYPES = YES;
				CLANG_WARN_SUSPICIOUS_MOVE = YES;
				CLANG_WARN_UNGUARDED_AVAILABILITY = YES_AGGRESSIVE;
				CLANG_WARN_UNREACHABLE_CODE = YES;
				CLANG_WARN__DUPLICATE_METHOD_MATCH = YES;
				CODE_SIGN_IDENTITY = "iPhone Developer";
				COPY_PHASE_STRIP = NO;
				DEBUG_INFORMATION_FORMAT = "dwarf-with-dsym";
				ENABLE_NS_ASSERTIONS = NO;
				ENABLE_STRICT_OBJC_MSGSEND = YES;
				GCC_C_LANGUAGE_STANDARD = gnu11;
				GCC_NO_COMMON_BLOCKS = YES;
				GCC_WARN_64_TO_32_BIT_CONVERSION = YES;
				GCC_WARN_ABOUT_RETURN_TYPE = YES_ERROR;
				GCC_WARN_UNDECLARED_SELECTOR = YES;
				GCC_WARN_UNINITIALIZED_AUTOS = YES_AGGRESSIVE;
				GCC_WARN_UNUSED_FUNCTION = YES;
				GCC_WARN_UNUSED_VARIABLE = YES;
				IPHONEOS_DEPLOYMENT_TARGET = 12.1;
				MTL_ENABLE_DEBUG_INFO = NO;
				MTL_FAST_MATH = YES;
				SDKROOT = iphoneos;
				SWIFT_COMPILATION_MODE = wholemodule;
				SWIFT_OPTIMIZATION_LEVEL = "-O";
				VALIDATE_PRODUCT = YES;
			};
			name = Release;
		};
		3F5F0240226924FB0020396A /* Debug */ = {
			isa = XCBuildConfiguration;
			buildSettings = {
				ASSETCATALOG_COMPILER_APPICON_NAME = AppIcon;
				CODE_SIGN_STYLE = Automatic;
				DEVELOPMENT_TEAM = 6YJR927J9Q;
				INFOPLIST_FILE = Kniskern_FinalProj/Info.plist;
				LD_RUNPATH_SEARCH_PATHS = (
					"$(inherited)",
					"@executable_path/Frameworks",
				);
				PRODUCT_BUNDLE_IDENTIFIER = "zoekniskern.Kniskern-FinalProj";
				PRODUCT_NAME = "$(TARGET_NAME)";
				SWIFT_VERSION = 4.2;
				TARGETED_DEVICE_FAMILY = "1,2";
			};
			name = Debug;
		};
		3F5F0241226924FB0020396A /* Release */ = {
			isa = XCBuildConfiguration;
			buildSettings = {
				ASSETCATALOG_COMPILER_APPICON_NAME = AppIcon;
				CODE_SIGN_STYLE = Automatic;
				DEVELOPMENT_TEAM = 6YJR927J9Q;
				INFOPLIST_FILE = Kniskern_FinalProj/Info.plist;
				LD_RUNPATH_SEARCH_PATHS = (
					"$(inherited)",
					"@executable_path/Frameworks",
				);
				PRODUCT_BUNDLE_IDENTIFIER = "zoekniskern.Kniskern-FinalProj";
				PRODUCT_NAME = "$(TARGET_NAME)";
				SWIFT_VERSION = 4.2;
				TARGETED_DEVICE_FAMILY = "1,2";
			};
			name = Release;
		};
		3F5F0243226924FB0020396A /* Debug */ = {
			isa = XCBuildConfiguration;
			buildSettings = {
				ALWAYS_EMBED_SWIFT_STANDARD_LIBRARIES = YES;
				CODE_SIGN_STYLE = Automatic;
				INFOPLIST_FILE = Kniskern_FinalProjUITests/Info.plist;
				LD_RUNPATH_SEARCH_PATHS = (
					"$(inherited)",
					"@executable_path/Frameworks",
					"@loader_path/Frameworks",
				);
				PRODUCT_BUNDLE_IDENTIFIER = "zoekniskern.Kniskern-FinalProjUITests";
				PRODUCT_NAME = "$(TARGET_NAME)";
				SWIFT_VERSION = 4.2;
				TARGETED_DEVICE_FAMILY = "1,2";
				TEST_TARGET_NAME = Kniskern_FinalProj;
			};
			name = Debug;
		};
		3F5F0244226924FB0020396A /* Release */ = {
			isa = XCBuildConfiguration;
			buildSettings = {
				ALWAYS_EMBED_SWIFT_STANDARD_LIBRARIES = YES;
				CODE_SIGN_STYLE = Automatic;
				INFOPLIST_FILE = Kniskern_FinalProjUITests/Info.plist;
				LD_RUNPATH_SEARCH_PATHS = (
					"$(inherited)",
					"@executable_path/Frameworks",
					"@loader_path/Frameworks",
				);
				PRODUCT_BUNDLE_IDENTIFIER = "zoekniskern.Kniskern-FinalProjUITests";
				PRODUCT_NAME = "$(TARGET_NAME)";
				SWIFT_VERSION = 4.2;
				TARGETED_DEVICE_FAMILY = "1,2";
				TEST_TARGET_NAME = Kniskern_FinalProj;
			};
			name = Release;
		};
/* End XCBuildConfiguration section */

/* Begin XCConfigurationList section */
		3F5F021B226924FA0020396A /* Build configuration list for PBXProject "Kniskern_FinalProj" */ = {
			isa = XCConfigurationList;
			buildConfigurations = (
				3F5F023D226924FB0020396A /* Debug */,
				3F5F023E226924FB0020396A /* Release */,
			);
			defaultConfigurationIsVisible = 0;
			defaultConfigurationName = Release;
		};
		3F5F023F226924FB0020396A /* Build configuration list for PBXNativeTarget "Kniskern_FinalProj" */ = {
			isa = XCConfigurationList;
			buildConfigurations = (
				3F5F0240226924FB0020396A /* Debug */,
				3F5F0241226924FB0020396A /* Release */,
			);
			defaultConfigurationIsVisible = 0;
			defaultConfigurationName = Release;
		};
		3F5F0242226924FB0020396A /* Build configuration list for PBXNativeTarget "Kniskern_FinalProjUITests" */ = {
			isa = XCConfigurationList;
			buildConfigurations = (
				3F5F0243226924FB0020396A /* Debug */,
				3F5F0244226924FB0020396A /* Release */,
			);
			defaultConfigurationIsVisible = 0;
			defaultConfigurationName = Release;
		};
/* End XCConfigurationList section */
	};
	rootObject = 3F5F0218226924FA0020396A /* Project object */;
}
